
Microsoft Visual Studio Solution File, Format Version 12.00
# Visual Studio Version 16
VisualStudioVersion = 16.0.29009.5
MinimumVisualStudioVersion = 10.0.40219.1
Project("{FAE04EC0-301F-11D3-BF4B-00C04F79EFBC}") = "Challange_375_CardFlippingGame", "Challange_375_CardFlippingGame\Challange_375_CardFlippingGame.csproj", "{E000FABD-5E13-4F69-842D-D98B32019593}"
EndProject
Global
	GlobalSection(SolutionConfigurationPlatforms) = preSolution
		Debug|Any CPU = Debug|Any CPU
		Release|Any CPU = Release|Any CPU
	EndGlobalSection
	GlobalSection(ProjectConfigurationPlatforms) = postSolution
		{E000FABD-5E13-4F69-842D-D98B32019593}.Debug|Any CPU.ActiveCfg = Debug|Any CPU
		{E000FABD-5E13-4F69-842D-D98B32019593}.Debug|Any CPU.Build.0 = Debug|Any CPU
		{E000FABD-5E13-4F69-842D-D98B32019593}.Release|Any CPU.ActiveCfg = Release|Any CPU
		{E000FABD-5E13-4F69-842D-D98B32019593}.Release|Any CPU.Build.0 = Release|Any CPU
	EndGlobalSection
	GlobalSection(SolutionProperties) = preSolution
		HideSolutionNode = FALSE
	EndGlobalSection
	GlobalSection(ExtensibilityGlobals) = postSolution
		SolutionGuid = {56D5BA6E-22FF-4BB1-A0E8-4EFF5E544A45}
	EndGlobalSection
EndGlobal
